
Microsoft Visual Studio Solution File, Format Version 12.00
# Visual Studio Version 16
VisualStudioVersion = 16.0.30114.105
MinimumVisualStudioVersion = 10.0.40219.1
Project("{FAE04EC0-301F-11D3-BF4B-00C04F79EFBC}") = "JeffTheDiscordBot.BackEnd.API", "JeffTheDiscordBot.BackEnd.API\JeffTheDiscordBot.BackEnd.API.csproj", "{63FC624D-673A-40AE-9D4B-44E11BC9D13C}"
EndProject
Project("{FAE04EC0-301F-11D3-BF4B-00C04F79EFBC}") = "JeffTheDiscordBot.BackEnd.SentimentAnalysisLibrary", "JeffTheDiscordBot.BackEnd.SentimentAnalysisLibrary\JeffTheDiscordBot.BackEnd.SentimentAnalysisLibrary.csproj", "{782F9F79-24F3-436A-97BF-CB69998696A6}"
EndProject
Global
	GlobalSection(SolutionConfigurationPlatforms) = preSolution
		Debug|Any CPU = Debug|Any CPU
		Release|Any CPU = Release|Any CPU
	EndGlobalSection
	GlobalSection(SolutionProperties) = preSolution
		HideSolutionNode = FALSE
	EndGlobalSection
	GlobalSection(ProjectConfigurationPlatforms) = postSolution
		{63FC624D-673A-40AE-9D4B-44E11BC9D13C}.Debug|Any CPU.ActiveCfg = Debug|Any CPU
		{63FC624D-673A-40AE-9D4B-44E11BC9D13C}.Debug|Any CPU.Build.0 = Debug|Any CPU
		{63FC624D-673A-40AE-9D4B-44E11BC9D13C}.Release|Any CPU.ActiveCfg = Release|Any CPU
		{63FC624D-673A-40AE-9D4B-44E11BC9D13C}.Release|Any CPU.Build.0 = Release|Any CPU
		{782F9F79-24F3-436A-97BF-CB69998696A6}.Debug|Any CPU.ActiveCfg = Debug|Any CPU
		{782F9F79-24F3-436A-97BF-CB69998696A6}.Debug|Any CPU.Build.0 = Debug|Any CPU
		{782F9F79-24F3-436A-97BF-CB69998696A6}.Release|Any CPU.ActiveCfg = Release|Any CPU
		{782F9F79-24F3-436A-97BF-CB69998696A6}.Release|Any CPU.Build.0 = Release|Any CPU
	EndGlobalSection
EndGlobal
