
Microsoft Visual Studio Solution File, Format Version 12.00
# Visual Studio Version 16
VisualStudioVersion = 16.0.30114.105
MinimumVisualStudioVersion = 10.0.40219.1
Project("{FAE04EC0-301F-11D3-BF4B-00C04F79EFBC}") = "RacismModel.ConsoleApp", "RacismModel.ConsoleApp\RacismModel.ConsoleApp.csproj", "{39071A10-7444-4415-BE17-75D4469AF9A8}"
EndProject
Project("{FAE04EC0-301F-11D3-BF4B-00C04F79EFBC}") = "RacismModel.Model", "RacismModel.Model\RacismModel.Model.csproj", "{9BC0EE5D-A196-4245-93F0-C9B0636D0F9B}"
EndProject
Global
	GlobalSection(SolutionConfigurationPlatforms) = preSolution
		Debug|Any CPU = Debug|Any CPU
		Release|Any CPU = Release|Any CPU
	EndGlobalSection
	GlobalSection(SolutionProperties) = preSolution
		HideSolutionNode = FALSE
	EndGlobalSection
	GlobalSection(ProjectConfigurationPlatforms) = postSolution
		{39071A10-7444-4415-BE17-75D4469AF9A8}.Debug|Any CPU.ActiveCfg = Debug|Any CPU
		{39071A10-7444-4415-BE17-75D4469AF9A8}.Debug|Any CPU.Build.0 = Debug|Any CPU
		{39071A10-7444-4415-BE17-75D4469AF9A8}.Release|Any CPU.ActiveCfg = Release|Any CPU
		{39071A10-7444-4415-BE17-75D4469AF9A8}.Release|Any CPU.Build.0 = Release|Any CPU
		{9BC0EE5D-A196-4245-93F0-C9B0636D0F9B}.Debug|Any CPU.ActiveCfg = Debug|Any CPU
		{9BC0EE5D-A196-4245-93F0-C9B0636D0F9B}.Debug|Any CPU.Build.0 = Debug|Any CPU
		{9BC0EE5D-A196-4245-93F0-C9B0636D0F9B}.Release|Any CPU.ActiveCfg = Release|Any CPU
		{9BC0EE5D-A196-4245-93F0-C9B0636D0F9B}.Release|Any CPU.Build.0 = Release|Any CPU
	EndGlobalSection
EndGlobal
